
Microsoft Visual Studio Solution File, Format Version 12.00
# Visual Studio Version 17
VisualStudioVersion = 17.4.33110.190
MinimumVisualStudioVersion = 10.0.40219.1
Project("{FAE04EC0-301F-11D3-BF4B-00C04F79EFBC}") = "StackUsingSingleLinkList", "StackUsingSingleLinkList\StackUsingSingleLinkList.csproj", "{C7487765-53CB-4DC8-92AE-B4790BBC4619}"
EndProject
Global
	GlobalSection(SolutionConfigurationPlatforms) = preSolution
		Debug|Any CPU = Debug|Any CPU
		Release|Any CPU = Release|Any CPU
	EndGlobalSection
	GlobalSection(ProjectConfigurationPlatforms) = postSolution
		{C7487765-53CB-4DC8-92AE-B4790BBC4619}.Debug|Any CPU.ActiveCfg = Debug|Any CPU
		{C7487765-53CB-4DC8-92AE-B4790BBC4619}.Debug|Any CPU.Build.0 = Debug|Any CPU
		{C7487765-53CB-4DC8-92AE-B4790BBC4619}.Release|Any CPU.ActiveCfg = Release|Any CPU
		{C7487765-53CB-4DC8-92AE-B4790BBC4619}.Release|Any CPU.Build.0 = Release|Any CPU
	EndGlobalSection
	GlobalSection(SolutionProperties) = preSolution
		HideSolutionNode = FALSE
	EndGlobalSection
	GlobalSection(ExtensibilityGlobals) = postSolution
		SolutionGuid = {FF657DC1-371E-4F26-962A-AFD6C9E00DB3}
	EndGlobalSection
EndGlobal
